
Microsoft Visual Studio Solution File, Format Version 12.00
# Visual Studio 14
VisualStudioVersion = 14.0.25420.1
MinimumVisualStudioVersion = 10.0.40219.1
Project("{8BC9CEB8-8B4A-11D0-8D11-00A0C91BC942}") = "PhantomEngine", "PhantomEngine\PhantomEngine.vcxproj", "{259BBDE3-6081-4E55-88A6-F813C20296C8}"
EndProject
Project("{8BC9CEB8-8B4A-11D0-8D11-00A0C91BC942}") = "dependencies", "dep\dependencies.vcxproj", "{777271DB-5C00-46C4-B57F-28AFA3C7976B}"
EndProject
Project("{8BC9CEB8-8B4A-11D0-8D11-00A0C91BC942}") = "Win32_Emulator", "Emulator\Win32Emulator.vcxproj", "{E0CF097B-F22D-465B-A884-D89E55BD7ECD}"
EndProject
Project("{8BC9CEB8-8B4A-11D0-8D11-00A0C91BC942}") = "PhantomEditor", "PhantomEditor\PhantomEditor.vcxproj", "{D9BF3EA0-A770-4C15-BC70-285C661B912E}"
EndProject
Project("{8BC9CEB8-8B4A-11D0-8D11-00A0C91BC942}") = "Viewer", "AllGames\Win32Viewer\project\Win32Viewer.vcxproj", "{A1EDA6F2-4552-4FF9-AD4E-4D315FD66CEF}"
EndProject
Global
	GlobalSection(SolutionConfigurationPlatforms) = preSolution
		Debug|Win32 = Debug|Win32
		Debug|x64 = Debug|x64
		DirectX_DebugEditor|Win32 = DirectX_DebugEditor|Win32
		DirectX_DebugEditor|x64 = DirectX_DebugEditor|x64
		DirectX9_Debug|Win32 = DirectX9_Debug|Win32
		DirectX9_Debug|x64 = DirectX9_Debug|x64
		DirectX9_DebugLib|Win32 = DirectX9_DebugLib|Win32
		DirectX9_DebugLib|x64 = DirectX9_DebugLib|x64
		DirectX9_Release|Win32 = DirectX9_Release|Win32
		DirectX9_Release|x64 = DirectX9_Release|x64
		OpenGL_V1|Win32 = OpenGL_V1|Win32
		OpenGL_V1|x64 = OpenGL_V1|x64
		OpenGL_V2|Win32 = OpenGL_V2|Win32
		OpenGL_V2|x64 = OpenGL_V2|x64
		Release|Win32 = Release|Win32
		Release|x64 = Release|x64
	EndGlobalSection
	GlobalSection(ProjectConfigurationPlatforms) = postSolution
		{259BBDE3-6081-4E55-88A6-F813C20296C8}.Debug|Win32.ActiveCfg = Debug|Win32
		{259BBDE3-6081-4E55-88A6-F813C20296C8}.Debug|Win32.Build.0 = Debug|Win32
		{259BBDE3-6081-4E55-88A6-F813C20296C8}.Debug|x64.ActiveCfg = Debug|x64
		{259BBDE3-6081-4E55-88A6-F813C20296C8}.Debug|x64.Build.0 = Debug|x64
		{259BBDE3-6081-4E55-88A6-F813C20296C8}.DirectX_DebugEditor|Win32.ActiveCfg = Debug|Win32
		{259BBDE3-6081-4E55-88A6-F813C20296C8}.DirectX_DebugEditor|Win32.Build.0 = Debug|Win32
		{259BBDE3-6081-4E55-88A6-F813C20296C8}.DirectX_DebugEditor|x64.ActiveCfg = Debug|x64
		{259BBDE3-6081-4E55-88A6-F813C20296C8}.DirectX_DebugEditor|x64.Build.0 = Debug|x64
		{259BBDE3-6081-4E55-88A6-F813C20296C8}.DirectX9_Debug|Win32.ActiveCfg = Debug|Win32
		{259BBDE3-6081-4E55-88A6-F813C20296C8}.DirectX9_Debug|Win32.Build.0 = Debug|Win32
		{259BBDE3-6081-4E55-88A6-F813C20296C8}.DirectX9_Debug|x64.ActiveCfg = Debug|x64
		{259BBDE3-6081-4E55-88A6-F813C20296C8}.DirectX9_Debug|x64.Build.0 = Debug|x64
		{259BBDE3-6081-4E55-88A6-F813C20296C8}.DirectX9_DebugLib|Win32.ActiveCfg = Debug|Win32
		{259BBDE3-6081-4E55-88A6-F813C20296C8}.DirectX9_DebugLib|Win32.Build.0 = Debug|Win32
		{259BBDE3-6081-4E55-88A6-F813C20296C8}.DirectX9_DebugLib|x64.ActiveCfg = Debug|x64
		{259BBDE3-6081-4E55-88A6-F813C20296C8}.DirectX9_DebugLib|x64.Build.0 = Debug|x64
		{259BBDE3-6081-4E55-88A6-F813C20296C8}.DirectX9_Release|Win32.ActiveCfg = Release|Win32
		{259BBDE3-6081-4E55-88A6-F813C20296C8}.DirectX9_Release|Win32.Build.0 = Release|Win32
		{259BBDE3-6081-4E55-88A6-F813C20296C8}.DirectX9_Release|x64.ActiveCfg = Release|x64
		{259BBDE3-6081-4E55-88A6-F813C20296C8}.DirectX9_Release|x64.Build.0 = Release|x64
		{259BBDE3-6081-4E55-88A6-F813C20296C8}.OpenGL_V1|Win32.ActiveCfg = OpenGL_V1|Win32
		{259BBDE3-6081-4E55-88A6-F813C20296C8}.OpenGL_V1|Win32.Build.0 = OpenGL_V1|Win32
		{259BBDE3-6081-4E55-88A6-F813C20296C8}.OpenGL_V1|x64.ActiveCfg = OpenGL_V1|x64
		{259BBDE3-6081-4E55-88A6-F813C20296C8}.OpenGL_V1|x64.Build.0 = OpenGL_V1|x64
		{259BBDE3-6081-4E55-88A6-F813C20296C8}.OpenGL_V2|Win32.ActiveCfg = OpenGL_V1|Win32
		{259BBDE3-6081-4E55-88A6-F813C20296C8}.OpenGL_V2|Win32.Build.0 = OpenGL_V1|Win32
		{259BBDE3-6081-4E55-88A6-F813C20296C8}.OpenGL_V2|x64.ActiveCfg = OpenGL_V1|x64
		{259BBDE3-6081-4E55-88A6-F813C20296C8}.OpenGL_V2|x64.Build.0 = OpenGL_V1|x64
		{259BBDE3-6081-4E55-88A6-F813C20296C8}.Release|Win32.ActiveCfg = Release|Win32
		{259BBDE3-6081-4E55-88A6-F813C20296C8}.Release|Win32.Build.0 = Release|Win32
		{259BBDE3-6081-4E55-88A6-F813C20296C8}.Release|x64.ActiveCfg = Release|x64
		{259BBDE3-6081-4E55-88A6-F813C20296C8}.Release|x64.Build.0 = Release|x64
		{777271DB-5C00-46C4-B57F-28AFA3C7976B}.Debug|Win32.ActiveCfg = Debug|Win32
		{777271DB-5C00-46C4-B57F-28AFA3C7976B}.Debug|Win32.Build.0 = Debug|Win32
		{777271DB-5C00-46C4-B57F-28AFA3C7976B}.Debug|x64.ActiveCfg = Debug|x64
		{777271DB-5C00-46C4-B57F-28AFA3C7976B}.Debug|x64.Build.0 = Debug|x64
		{777271DB-5C00-46C4-B57F-28AFA3C7976B}.DirectX_DebugEditor|Win32.ActiveCfg = Debug|Win32
		{777271DB-5C00-46C4-B57F-28AFA3C7976B}.DirectX_DebugEditor|Win32.Build.0 = Debug|Win32
		{777271DB-5C00-46C4-B57F-28AFA3C7976B}.DirectX_DebugEditor|x64.ActiveCfg = Debug|x64
		{777271DB-5C00-46C4-B57F-28AFA3C7976B}.DirectX_DebugEditor|x64.Build.0 = Debug|x64
		{777271DB-5C00-46C4-B57F-28AFA3C7976B}.DirectX9_Debug|Win32.ActiveCfg = Debug|Win32
		{777271DB-5C00-46C4-B57F-28AFA3C7976B}.DirectX9_Debug|Win32.Build.0 = Debug|Win32
		{777271DB-5C00-46C4-B57F-28AFA3C7976B}.DirectX9_Debug|x64.ActiveCfg = Debug|x64
		{777271DB-5C00-46C4-B57F-28AFA3C7976B}.DirectX9_Debug|x64.Build.0 = Debug|x64
		{777271DB-5C00-46C4-B57F-28AFA3C7976B}.DirectX9_DebugLib|Win32.ActiveCfg = Debug|Win32
		{777271DB-5C00-46C4-B57F-28AFA3C7976B}.DirectX9_DebugLib|Win32.Build.0 = Debug|Win32
		{777271DB-5C00-46C4-B57F-28AFA3C7976B}.DirectX9_DebugLib|x64.ActiveCfg = Debug|x64
		{777271DB-5C00-46C4-B57F-28AFA3C7976B}.DirectX9_DebugLib|x64.Build.0 = Debug|x64
		{777271DB-5C00-46C4-B57F-28AFA3C7976B}.DirectX9_Release|Win32.ActiveCfg = Release|Win32
		{777271DB-5C00-46C4-B57F-28AFA3C7976B}.DirectX9_Release|Win32.Build.0 = Release|Win32
		{777271DB-5C00-46C4-B57F-28AFA3C7976B}.DirectX9_Release|x64.ActiveCfg = Release|x64
		{777271DB-5C00-46C4-B57F-28AFA3C7976B}.DirectX9_Release|x64.Build.0 = Release|x64
		{777271DB-5C00-46C4-B57F-28AFA3C7976B}.OpenGL_V1|Win32.ActiveCfg = OpenGL_V1|Win32
		{777271DB-5C00-46C4-B57F-28AFA3C7976B}.OpenGL_V1|Win32.Build.0 = OpenGL_V1|Win32
		{777271DB-5C00-46C4-B57F-28AFA3C7976B}.OpenGL_V1|x64.ActiveCfg = OpenGL_V1|x64
		{777271DB-5C00-46C4-B57F-28AFA3C7976B}.OpenGL_V1|x64.Build.0 = OpenGL_V1|x64
		{777271DB-5C00-46C4-B57F-28AFA3C7976B}.OpenGL_V2|Win32.ActiveCfg = OpenGL_V1|Win32
		{777271DB-5C00-46C4-B57F-28AFA3C7976B}.OpenGL_V2|Win32.Build.0 = OpenGL_V1|Win32
		{777271DB-5C00-46C4-B57F-28AFA3C7976B}.OpenGL_V2|x64.ActiveCfg = OpenGL_V1|x64
		{777271DB-5C00-46C4-B57F-28AFA3C7976B}.OpenGL_V2|x64.Build.0 = OpenGL_V1|x64
		{777271DB-5C00-46C4-B57F-28AFA3C7976B}.Release|Win32.ActiveCfg = Release|Win32
		{777271DB-5C00-46C4-B57F-28AFA3C7976B}.Release|Win32.Build.0 = Release|Win32
		{777271DB-5C00-46C4-B57F-28AFA3C7976B}.Release|x64.ActiveCfg = Release|x64
		{777271DB-5C00-46C4-B57F-28AFA3C7976B}.Release|x64.Build.0 = Release|x64
		{E0CF097B-F22D-465B-A884-D89E55BD7ECD}.Debug|Win32.ActiveCfg = Debug|Win32
		{E0CF097B-F22D-465B-A884-D89E55BD7ECD}.Debug|Win32.Build.0 = Debug|Win32
		{E0CF097B-F22D-465B-A884-D89E55BD7ECD}.Debug|x64.ActiveCfg = Debug|x64
		{E0CF097B-F22D-465B-A884-D89E55BD7ECD}.Debug|x64.Build.0 = Debug|x64
		{E0CF097B-F22D-465B-A884-D89E55BD7ECD}.DirectX_DebugEditor|Win32.ActiveCfg = Debug|Win32
		{E0CF097B-F22D-465B-A884-D89E55BD7ECD}.DirectX_DebugEditor|Win32.Build.0 = Debug|Win32
		{E0CF097B-F22D-465B-A884-D89E55BD7ECD}.DirectX_DebugEditor|x64.ActiveCfg = Debug|x64
		{E0CF097B-F22D-465B-A884-D89E55BD7ECD}.DirectX_DebugEditor|x64.Build.0 = Debug|x64
		{E0CF097B-F22D-465B-A884-D89E55BD7ECD}.DirectX9_Debug|Win32.ActiveCfg = Debug|Win32
		{E0CF097B-F22D-465B-A884-D89E55BD7ECD}.DirectX9_Debug|Win32.Build.0 = Debug|Win32
		{E0CF097B-F22D-465B-A884-D89E55BD7ECD}.DirectX9_Debug|x64.ActiveCfg = Debug|x64
		{E0CF097B-F22D-465B-A884-D89E55BD7ECD}.DirectX9_Debug|x64.Build.0 = Debug|x64
		{E0CF097B-F22D-465B-A884-D89E55BD7ECD}.DirectX9_DebugLib|Win32.ActiveCfg = Debug|Win32
		{E0CF097B-F22D-465B-A884-D89E55BD7ECD}.DirectX9_DebugLib|Win32.Build.0 = Debug|Win32
		{E0CF097B-F22D-465B-A884-D89E55BD7ECD}.DirectX9_DebugLib|x64.ActiveCfg = Debug|x64
		{E0CF097B-F22D-465B-A884-D89E55BD7ECD}.DirectX9_DebugLib|x64.Build.0 = Debug|x64
		{E0CF097B-F22D-465B-A884-D89E55BD7ECD}.DirectX9_Release|Win32.ActiveCfg = Release|Win32
		{E0CF097B-F22D-465B-A884-D89E55BD7ECD}.DirectX9_Release|Win32.Build.0 = Release|Win32
		{E0CF097B-F22D-465B-A884-D89E55BD7ECD}.DirectX9_Release|x64.ActiveCfg = Release|x64
		{E0CF097B-F22D-465B-A884-D89E55BD7ECD}.DirectX9_Release|x64.Build.0 = Release|x64
		{E0CF097B-F22D-465B-A884-D89E55BD7ECD}.OpenGL_V1|Win32.ActiveCfg = OpenGL_V1|Win32
		{E0CF097B-F22D-465B-A884-D89E55BD7ECD}.OpenGL_V1|Win32.Build.0 = OpenGL_V1|Win32
		{E0CF097B-F22D-465B-A884-D89E55BD7ECD}.OpenGL_V1|x64.ActiveCfg = OpenGL_V1|x64
		{E0CF097B-F22D-465B-A884-D89E55BD7ECD}.OpenGL_V1|x64.Build.0 = OpenGL_V1|x64
		{E0CF097B-F22D-465B-A884-D89E55BD7ECD}.OpenGL_V2|Win32.ActiveCfg = OpenGL_V1|Win32
		{E0CF097B-F22D-465B-A884-D89E55BD7ECD}.OpenGL_V2|Win32.Build.0 = OpenGL_V1|Win32
		{E0CF097B-F22D-465B-A884-D89E55BD7ECD}.OpenGL_V2|x64.ActiveCfg = OpenGL_V1|x64
		{E0CF097B-F22D-465B-A884-D89E55BD7ECD}.OpenGL_V2|x64.Build.0 = OpenGL_V1|x64
		{E0CF097B-F22D-465B-A884-D89E55BD7ECD}.Release|Win32.ActiveCfg = Release|Win32
		{E0CF097B-F22D-465B-A884-D89E55BD7ECD}.Release|Win32.Build.0 = Release|Win32
		{E0CF097B-F22D-465B-A884-D89E55BD7ECD}.Release|x64.ActiveCfg = Release|x64
		{E0CF097B-F22D-465B-A884-D89E55BD7ECD}.Release|x64.Build.0 = Release|x64
		{D9BF3EA0-A770-4C15-BC70-285C661B912E}.Debug|Win32.ActiveCfg = Debug|Win32
		{D9BF3EA0-A770-4C15-BC70-285C661B912E}.Debug|Win32.Build.0 = Debug|Win32
		{D9BF3EA0-A770-4C15-BC70-285C661B912E}.Debug|x64.ActiveCfg = Debug|x64
		{D9BF3EA0-A770-4C15-BC70-285C661B912E}.Debug|x64.Build.0 = Debug|x64
		{D9BF3EA0-A770-4C15-BC70-285C661B912E}.DirectX_DebugEditor|Win32.ActiveCfg = Debug|Win32
		{D9BF3EA0-A770-4C15-BC70-285C661B912E}.DirectX_DebugEditor|Win32.Build.0 = Debug|Win32
		{D9BF3EA0-A770-4C15-BC70-285C661B912E}.DirectX_DebugEditor|x64.ActiveCfg = Debug|x64
		{D9BF3EA0-A770-4C15-BC70-285C661B912E}.DirectX_DebugEditor|x64.Build.0 = Debug|x64
		{D9BF3EA0-A770-4C15-BC70-285C661B912E}.DirectX9_Debug|Win32.ActiveCfg = Debug|Win32
		{D9BF3EA0-A770-4C15-BC70-285C661B912E}.DirectX9_Debug|Win32.Build.0 = Debug|Win32
		{D9BF3EA0-A770-4C15-BC70-285C661B912E}.DirectX9_Debug|x64.ActiveCfg = Debug|x64
		{D9BF3EA0-A770-4C15-BC70-285C661B912E}.DirectX9_Debug|x64.Build.0 = Debug|x64
		{D9BF3EA0-A770-4C15-BC70-285C661B912E}.DirectX9_DebugLib|Win32.ActiveCfg = Debug|Win32
		{D9BF3EA0-A770-4C15-BC70-285C661B912E}.DirectX9_DebugLib|Win32.Build.0 = Debug|Win32
		{D9BF3EA0-A770-4C15-BC70-285C661B912E}.DirectX9_DebugLib|x64.ActiveCfg = Debug|x64
		{D9BF3EA0-A770-4C15-BC70-285C661B912E}.DirectX9_DebugLib|x64.Build.0 = Debug|x64
		{D9BF3EA0-A770-4C15-BC70-285C661B912E}.DirectX9_Release|Win32.ActiveCfg = Release|Win32
		{D9BF3EA0-A770-4C15-BC70-285C661B912E}.DirectX9_Release|Win32.Build.0 = Release|Win32
		{D9BF3EA0-A770-4C15-BC70-285C661B912E}.DirectX9_Release|x64.ActiveCfg = Release|x64
		{D9BF3EA0-A770-4C15-BC70-285C661B912E}.DirectX9_Release|x64.Build.0 = Release|x64
		{D9BF3EA0-A770-4C15-BC70-285C661B912E}.OpenGL_V1|Win32.ActiveCfg = Release|Win32
		{D9BF3EA0-A770-4C15-BC70-285C661B912E}.OpenGL_V1|Win32.Build.0 = Release|Win32
		{D9BF3EA0-A770-4C15-BC70-285C661B912E}.OpenGL_V1|x64.ActiveCfg = Release|x64
		{D9BF3EA0-A770-4C15-BC70-285C661B912E}.OpenGL_V1|x64.Build.0 = Release|x64
		{D9BF3EA0-A770-4C15-BC70-285C661B912E}.OpenGL_V2|Win32.ActiveCfg = Release|Win32
		{D9BF3EA0-A770-4C15-BC70-285C661B912E}.OpenGL_V2|Win32.Build.0 = Release|Win32
		{D9BF3EA0-A770-4C15-BC70-285C661B912E}.OpenGL_V2|x64.ActiveCfg = Release|x64
		{D9BF3EA0-A770-4C15-BC70-285C661B912E}.OpenGL_V2|x64.Build.0 = Release|x64
		{D9BF3EA0-A770-4C15-BC70-285C661B912E}.Release|Win32.ActiveCfg = Release|Win32
		{D9BF3EA0-A770-4C15-BC70-285C661B912E}.Release|Win32.Build.0 = Release|Win32
		{D9BF3EA0-A770-4C15-BC70-285C661B912E}.Release|x64.ActiveCfg = Release|x64
		{D9BF3EA0-A770-4C15-BC70-285C661B912E}.Release|x64.Build.0 = Release|x64
		{A1EDA6F2-4552-4FF9-AD4E-4D315FD66CEF}.Debug|Win32.ActiveCfg = DirectX9_Debug|Win32
		{A1EDA6F2-4552-4FF9-AD4E-4D315FD66CEF}.Debug|Win32.Build.0 = DirectX9_Debug|Win32
		{A1EDA6F2-4552-4FF9-AD4E-4D315FD66CEF}.Debug|x64.ActiveCfg = OpenGL_V1|Win32
		{A1EDA6F2-4552-4FF9-AD4E-4D315FD66CEF}.Debug|x64.Build.0 = OpenGL_V1|Win32
		{A1EDA6F2-4552-4FF9-AD4E-4D315FD66CEF}.DirectX_DebugEditor|Win32.ActiveCfg = DirectX9_Debug|Win32
		{A1EDA6F2-4552-4FF9-AD4E-4D315FD66CEF}.DirectX_DebugEditor|Win32.Build.0 = DirectX9_Debug|Win32
		{A1EDA6F2-4552-4FF9-AD4E-4D315FD66CEF}.DirectX_DebugEditor|x64.ActiveCfg = OpenGL_V1|Win32
		{A1EDA6F2-4552-4FF9-AD4E-4D315FD66CEF}.DirectX_DebugEditor|x64.Build.0 = OpenGL_V1|Win32
		{A1EDA6F2-4552-4FF9-AD4E-4D315FD66CEF}.DirectX9_Debug|Win32.ActiveCfg = DirectX9_Debug|Win32
		{A1EDA6F2-4552-4FF9-AD4E-4D315FD66CEF}.DirectX9_Debug|Win32.Build.0 = DirectX9_Debug|Win32
		{A1EDA6F2-4552-4FF9-AD4E-4D315FD66CEF}.DirectX9_Debug|x64.ActiveCfg = DirectX9_Debug|Win32
		{A1EDA6F2-4552-4FF9-AD4E-4D315FD66CEF}.DirectX9_DebugLib|Win32.ActiveCfg = DirectX9_DebugLib|Win32
		{A1EDA6F2-4552-4FF9-AD4E-4D315FD66CEF}.DirectX9_DebugLib|Win32.Build.0 = DirectX9_DebugLib|Win32
		{A1EDA6F2-4552-4FF9-AD4E-4D315FD66CEF}.DirectX9_DebugLib|x64.ActiveCfg = DirectX9_DebugLib|Win32
		{A1EDA6F2-4552-4FF9-AD4E-4D315FD66CEF}.DirectX9_Release|Win32.ActiveCfg = DirectX9_Debug|Win32
		{A1EDA6F2-4552-4FF9-AD4E-4D315FD66CEF}.DirectX9_Release|Win32.Build.0 = DirectX9_Debug|Win32
		{A1EDA6F2-4552-4FF9-AD4E-4D315FD66CEF}.DirectX9_Release|x64.ActiveCfg = OpenGL_V1|Win32
		{A1EDA6F2-4552-4FF9-AD4E-4D315FD66CEF}.DirectX9_Release|x64.Build.0 = OpenGL_V1|Win32
		{A1EDA6F2-4552-4FF9-AD4E-4D315FD66CEF}.OpenGL_V1|Win32.ActiveCfg = OpenGL_V1|Win32
		{A1EDA6F2-4552-4FF9-AD4E-4D315FD66CEF}.OpenGL_V1|Win32.Build.0 = OpenGL_V1|Win32
		{A1EDA6F2-4552-4FF9-AD4E-4D315FD66CEF}.OpenGL_V1|x64.ActiveCfg = OpenGL_V1|Win32
		{A1EDA6F2-4552-4FF9-AD4E-4D315FD66CEF}.OpenGL_V2|Win32.ActiveCfg = OpenGL_V2|Win32
		{A1EDA6F2-4552-4FF9-AD4E-4D315FD66CEF}.OpenGL_V2|Win32.Build.0 = OpenGL_V2|Win32
		{A1EDA6F2-4552-4FF9-AD4E-4D315FD66CEF}.OpenGL_V2|x64.ActiveCfg = OpenGL_V2|Win32
		{A1EDA6F2-4552-4FF9-AD4E-4D315FD66CEF}.Release|Win32.ActiveCfg = Release|Win32
		{A1EDA6F2-4552-4FF9-AD4E-4D315FD66CEF}.Release|Win32.Build.0 = Release|Win32
		{A1EDA6F2-4552-4FF9-AD4E-4D315FD66CEF}.Release|x64.ActiveCfg = Release|Win32
	EndGlobalSection
	GlobalSection(SolutionProperties) = preSolution
		HideSolutionNode = FALSE
	EndGlobalSection
	GlobalSection(TestCaseManagementSettings) = postSolution
		CategoryFile = PhantomNewVD.vsmdi
	EndGlobalSection
EndGlobal
