
Microsoft Visual Studio Solution File, Format Version 11.00
# Visual Studio 2010
Project("{8BC9CEB8-8B4A-11D0-8D11-00A0C91BC942}") = "PhantomEngine", "..\..\PhantomEngine\PhantomEngine.vcxproj", "{259BBDE3-6081-4E55-88A6-F813C20296C8}"
EndProject
Project("{8BC9CEB8-8B4A-11D0-8D11-00A0C91BC942}") = "Win32_Emulator", "..\..\Emulator\Win32Emulator.vcxproj", "{E0CF097B-F22D-465B-A884-D89E55BD7ECD}"
EndProject
Project("{8BC9CEB8-8B4A-11D0-8D11-00A0C91BC942}") = "genericLuaCode", "..\..\GenericLuaCode\genericLua.vcxproj", "{C74611CB-C666-4317-83B4-4F9551D15B2F}"
EndProject
Project("{8BC9CEB8-8B4A-11D0-8D11-00A0C91BC942}") = "dependencies", "..\..\dep\dependencies.vcxproj", "{777271DB-5C00-46C4-B57F-28AFA3C7976B}"
EndProject
Project("{8BC9CEB8-8B4A-11D0-8D11-00A0C91BC942}") = "Viewer", "..\Win32Viewer\project\Win32Viewer.vcxproj", "{A1EDA6F2-4552-4FF9-AD4E-4D315FD66CEF}"
	ProjectSection(ProjectDependencies) = postProject
		{E0CF097B-F22D-465B-A884-D89E55BD7ECD} = {E0CF097B-F22D-465B-A884-D89E55BD7ECD}
		{777271DB-5C00-46C4-B57F-28AFA3C7976B} = {777271DB-5C00-46C4-B57F-28AFA3C7976B}
		{259BBDE3-6081-4E55-88A6-F813C20296C8} = {259BBDE3-6081-4E55-88A6-F813C20296C8}
	EndProjectSection
EndProject
Project("{8BC9CEB8-8B4A-11D0-8D11-00A0C91BC942}") = "GenericVoidCPUTime", "..\..\GenericVoidCPUTime\GenericVoidCPUTime.vcxproj", "{70F57A9C-47E8-4B58-9226-F98756B6D6D1}"
EndProject
Project("{8BC9CEB8-8B4A-11D0-8D11-00A0C91BC942}") = "PhantomViewer", "..\..\GameAssist\Assist\win32Project\Platform.vcxproj", "{B8C95AD8-B166-4EFD-9494-6CAB73D06026}"
	ProjectSection(ProjectDependencies) = postProject
		{259BBDE3-6081-4E55-88A6-F813C20296C8} = {259BBDE3-6081-4E55-88A6-F813C20296C8}
	EndProjectSection
EndProject
Project("{8BC9CEB8-8B4A-11D0-8D11-00A0C91BC942}") = "StockAnalyse", "..\Win32Viewer\project\MyStockAnalyse.vcxproj", "{CAA44886-7C8D-41FA-805A-AB4054DB60E5}"
EndProject
Global
	GlobalSection(SolutionConfigurationPlatforms) = preSolution
		Debug|Win32 = Debug|Win32
		Debug|x64 = Debug|x64
		DirectX9_Debug|Win32 = DirectX9_Debug|Win32
		DirectX9_Debug|x64 = DirectX9_Debug|x64
		DirectX9_DebugLib|Win32 = DirectX9_DebugLib|Win32
		DirectX9_DebugLib|x64 = DirectX9_DebugLib|x64
		DirectX9_Release|Win32 = DirectX9_Release|Win32
		DirectX9_Release|x64 = DirectX9_Release|x64
		OpenGL_V1|Win32 = OpenGL_V1|Win32
		OpenGL_V1|x64 = OpenGL_V1|x64
		OpenGL_V2|Win32 = OpenGL_V2|Win32
		OpenGL_V2|x64 = OpenGL_V2|x64
		Release|Win32 = Release|Win32
		Release|x64 = Release|x64
	EndGlobalSection
	GlobalSection(ProjectConfigurationPlatforms) = postSolution
		{259BBDE3-6081-4E55-88A6-F813C20296C8}.Debug|Win32.ActiveCfg = Debug|Win32
		{259BBDE3-6081-4E55-88A6-F813C20296C8}.Debug|Win32.Build.0 = Debug|Win32
		{259BBDE3-6081-4E55-88A6-F813C20296C8}.Debug|x64.ActiveCfg = Debug|x64
		{259BBDE3-6081-4E55-88A6-F813C20296C8}.Debug|x64.Build.0 = Debug|x64
		{259BBDE3-6081-4E55-88A6-F813C20296C8}.DirectX9_Debug|Win32.ActiveCfg = DirectX9_Debug|Win32
		{259BBDE3-6081-4E55-88A6-F813C20296C8}.DirectX9_Debug|Win32.Build.0 = DirectX9_Debug|Win32
		{259BBDE3-6081-4E55-88A6-F813C20296C8}.DirectX9_Debug|x64.ActiveCfg = DirectX9_Debug|Win32
		{259BBDE3-6081-4E55-88A6-F813C20296C8}.DirectX9_DebugLib|Win32.ActiveCfg = DirectX9_DebugLib|Win32
		{259BBDE3-6081-4E55-88A6-F813C20296C8}.DirectX9_DebugLib|Win32.Build.0 = DirectX9_DebugLib|Win32
		{259BBDE3-6081-4E55-88A6-F813C20296C8}.DirectX9_DebugLib|x64.ActiveCfg = DirectX9_DebugLib|x64
		{259BBDE3-6081-4E55-88A6-F813C20296C8}.DirectX9_DebugLib|x64.Build.0 = DirectX9_DebugLib|x64
		{259BBDE3-6081-4E55-88A6-F813C20296C8}.DirectX9_Release|Win32.ActiveCfg = DirectX9_Release|Win32
		{259BBDE3-6081-4E55-88A6-F813C20296C8}.DirectX9_Release|Win32.Build.0 = DirectX9_Release|Win32
		{259BBDE3-6081-4E55-88A6-F813C20296C8}.DirectX9_Release|x64.ActiveCfg = DirectX9_Release|Win32
		{259BBDE3-6081-4E55-88A6-F813C20296C8}.OpenGL_V1|Win32.ActiveCfg = OpenGL_V1|Win32
		{259BBDE3-6081-4E55-88A6-F813C20296C8}.OpenGL_V1|Win32.Build.0 = OpenGL_V1|Win32
		{259BBDE3-6081-4E55-88A6-F813C20296C8}.OpenGL_V1|x64.ActiveCfg = OpenGL_V1|Win32
		{259BBDE3-6081-4E55-88A6-F813C20296C8}.OpenGL_V2|Win32.ActiveCfg = OpenGL_V1|x64
		{259BBDE3-6081-4E55-88A6-F813C20296C8}.OpenGL_V2|x64.ActiveCfg = OpenGL_V1|x64
		{259BBDE3-6081-4E55-88A6-F813C20296C8}.OpenGL_V2|x64.Build.0 = OpenGL_V1|x64
		{259BBDE3-6081-4E55-88A6-F813C20296C8}.Release|Win32.ActiveCfg = Release|Win32
		{259BBDE3-6081-4E55-88A6-F813C20296C8}.Release|Win32.Build.0 = Release|Win32
		{259BBDE3-6081-4E55-88A6-F813C20296C8}.Release|x64.ActiveCfg = Release|x64
		{259BBDE3-6081-4E55-88A6-F813C20296C8}.Release|x64.Build.0 = Release|x64
		{E0CF097B-F22D-465B-A884-D89E55BD7ECD}.Debug|Win32.ActiveCfg = Debug|Win32
		{E0CF097B-F22D-465B-A884-D89E55BD7ECD}.Debug|Win32.Build.0 = Debug|Win32
		{E0CF097B-F22D-465B-A884-D89E55BD7ECD}.Debug|x64.ActiveCfg = Debug|x64
		{E0CF097B-F22D-465B-A884-D89E55BD7ECD}.Debug|x64.Build.0 = Debug|x64
		{E0CF097B-F22D-465B-A884-D89E55BD7ECD}.DirectX9_Debug|Win32.ActiveCfg = DirectX9_Debug|Win32
		{E0CF097B-F22D-465B-A884-D89E55BD7ECD}.DirectX9_Debug|Win32.Build.0 = DirectX9_Debug|Win32
		{E0CF097B-F22D-465B-A884-D89E55BD7ECD}.DirectX9_Debug|x64.ActiveCfg = DirectX9_Debug|x64
		{E0CF097B-F22D-465B-A884-D89E55BD7ECD}.DirectX9_Debug|x64.Build.0 = DirectX9_Debug|x64
		{E0CF097B-F22D-465B-A884-D89E55BD7ECD}.DirectX9_DebugLib|Win32.ActiveCfg = DirectX9_DebugLib|Win32
		{E0CF097B-F22D-465B-A884-D89E55BD7ECD}.DirectX9_DebugLib|Win32.Build.0 = DirectX9_DebugLib|Win32
		{E0CF097B-F22D-465B-A884-D89E55BD7ECD}.DirectX9_DebugLib|x64.ActiveCfg = DirectX9_DebugLib|x64
		{E0CF097B-F22D-465B-A884-D89E55BD7ECD}.DirectX9_DebugLib|x64.Build.0 = DirectX9_DebugLib|x64
		{E0CF097B-F22D-465B-A884-D89E55BD7ECD}.DirectX9_Release|Win32.ActiveCfg = DirectX9_Release|Win32
		{E0CF097B-F22D-465B-A884-D89E55BD7ECD}.DirectX9_Release|Win32.Build.0 = DirectX9_Release|Win32
		{E0CF097B-F22D-465B-A884-D89E55BD7ECD}.DirectX9_Release|x64.ActiveCfg = DirectX9_Release|x64
		{E0CF097B-F22D-465B-A884-D89E55BD7ECD}.DirectX9_Release|x64.Build.0 = DirectX9_Release|x64
		{E0CF097B-F22D-465B-A884-D89E55BD7ECD}.OpenGL_V1|Win32.ActiveCfg = OpenGL_V1|Win32
		{E0CF097B-F22D-465B-A884-D89E55BD7ECD}.OpenGL_V1|Win32.Build.0 = OpenGL_V1|Win32
		{E0CF097B-F22D-465B-A884-D89E55BD7ECD}.OpenGL_V1|x64.ActiveCfg = OpenGL_V1|x64
		{E0CF097B-F22D-465B-A884-D89E55BD7ECD}.OpenGL_V1|x64.Build.0 = OpenGL_V1|x64
		{E0CF097B-F22D-465B-A884-D89E55BD7ECD}.OpenGL_V2|Win32.ActiveCfg = OpenGL_V1|x64
		{E0CF097B-F22D-465B-A884-D89E55BD7ECD}.OpenGL_V2|x64.ActiveCfg = OpenGL_V1|x64
		{E0CF097B-F22D-465B-A884-D89E55BD7ECD}.OpenGL_V2|x64.Build.0 = OpenGL_V1|x64
		{E0CF097B-F22D-465B-A884-D89E55BD7ECD}.Release|Win32.ActiveCfg = Release|Win32
		{E0CF097B-F22D-465B-A884-D89E55BD7ECD}.Release|Win32.Build.0 = Release|Win32
		{E0CF097B-F22D-465B-A884-D89E55BD7ECD}.Release|x64.ActiveCfg = Release|x64
		{E0CF097B-F22D-465B-A884-D89E55BD7ECD}.Release|x64.Build.0 = Release|x64
		{C74611CB-C666-4317-83B4-4F9551D15B2F}.Debug|Win32.ActiveCfg = Debug|Win32
		{C74611CB-C666-4317-83B4-4F9551D15B2F}.Debug|Win32.Build.0 = Debug|Win32
		{C74611CB-C666-4317-83B4-4F9551D15B2F}.Debug|x64.ActiveCfg = Debug|x64
		{C74611CB-C666-4317-83B4-4F9551D15B2F}.Debug|x64.Build.0 = Debug|x64
		{C74611CB-C666-4317-83B4-4F9551D15B2F}.DirectX9_Debug|Win32.ActiveCfg = Debug|Win32
		{C74611CB-C666-4317-83B4-4F9551D15B2F}.DirectX9_Debug|Win32.Build.0 = Debug|Win32
		{C74611CB-C666-4317-83B4-4F9551D15B2F}.DirectX9_Debug|x64.ActiveCfg = Debug|x64
		{C74611CB-C666-4317-83B4-4F9551D15B2F}.DirectX9_Debug|x64.Build.0 = Debug|x64
		{C74611CB-C666-4317-83B4-4F9551D15B2F}.DirectX9_DebugLib|Win32.ActiveCfg = DirectX9_DebugLib|Win32
		{C74611CB-C666-4317-83B4-4F9551D15B2F}.DirectX9_DebugLib|Win32.Build.0 = DirectX9_DebugLib|Win32
		{C74611CB-C666-4317-83B4-4F9551D15B2F}.DirectX9_DebugLib|x64.ActiveCfg = DirectX9_DebugLib|x64
		{C74611CB-C666-4317-83B4-4F9551D15B2F}.DirectX9_DebugLib|x64.Build.0 = DirectX9_DebugLib|x64
		{C74611CB-C666-4317-83B4-4F9551D15B2F}.DirectX9_Release|Win32.ActiveCfg = DirectX9_Release|Win32
		{C74611CB-C666-4317-83B4-4F9551D15B2F}.DirectX9_Release|Win32.Build.0 = DirectX9_Release|Win32
		{C74611CB-C666-4317-83B4-4F9551D15B2F}.DirectX9_Release|x64.ActiveCfg = DirectX9_Release|x64
		{C74611CB-C666-4317-83B4-4F9551D15B2F}.DirectX9_Release|x64.Build.0 = DirectX9_Release|x64
		{C74611CB-C666-4317-83B4-4F9551D15B2F}.OpenGL_V1|Win32.ActiveCfg = Release|x64
		{C74611CB-C666-4317-83B4-4F9551D15B2F}.OpenGL_V1|x64.ActiveCfg = Release|x64
		{C74611CB-C666-4317-83B4-4F9551D15B2F}.OpenGL_V1|x64.Build.0 = Release|x64
		{C74611CB-C666-4317-83B4-4F9551D15B2F}.OpenGL_V2|Win32.ActiveCfg = Release|x64
		{C74611CB-C666-4317-83B4-4F9551D15B2F}.OpenGL_V2|x64.ActiveCfg = Release|x64
		{C74611CB-C666-4317-83B4-4F9551D15B2F}.OpenGL_V2|x64.Build.0 = Release|x64
		{C74611CB-C666-4317-83B4-4F9551D15B2F}.Release|Win32.ActiveCfg = Release|Win32
		{C74611CB-C666-4317-83B4-4F9551D15B2F}.Release|Win32.Build.0 = Release|Win32
		{C74611CB-C666-4317-83B4-4F9551D15B2F}.Release|x64.ActiveCfg = Release|x64
		{C74611CB-C666-4317-83B4-4F9551D15B2F}.Release|x64.Build.0 = Release|x64
		{777271DB-5C00-46C4-B57F-28AFA3C7976B}.Debug|Win32.ActiveCfg = Debug|Win32
		{777271DB-5C00-46C4-B57F-28AFA3C7976B}.Debug|Win32.Build.0 = Debug|Win32
		{777271DB-5C00-46C4-B57F-28AFA3C7976B}.Debug|x64.ActiveCfg = Debug|x64
		{777271DB-5C00-46C4-B57F-28AFA3C7976B}.Debug|x64.Build.0 = Debug|x64
		{777271DB-5C00-46C4-B57F-28AFA3C7976B}.DirectX9_Debug|Win32.ActiveCfg = Debug|Win32
		{777271DB-5C00-46C4-B57F-28AFA3C7976B}.DirectX9_Debug|Win32.Build.0 = Debug|Win32
		{777271DB-5C00-46C4-B57F-28AFA3C7976B}.DirectX9_Debug|x64.ActiveCfg = Debug|Win32
		{777271DB-5C00-46C4-B57F-28AFA3C7976B}.DirectX9_DebugLib|Win32.ActiveCfg = DirectX9_DebugLib|Win32
		{777271DB-5C00-46C4-B57F-28AFA3C7976B}.DirectX9_DebugLib|Win32.Build.0 = DirectX9_DebugLib|Win32
		{777271DB-5C00-46C4-B57F-28AFA3C7976B}.DirectX9_DebugLib|x64.ActiveCfg = DirectX9_DebugLib|x64
		{777271DB-5C00-46C4-B57F-28AFA3C7976B}.DirectX9_DebugLib|x64.Build.0 = DirectX9_DebugLib|x64
		{777271DB-5C00-46C4-B57F-28AFA3C7976B}.DirectX9_Release|Win32.ActiveCfg = Release|Win32
		{777271DB-5C00-46C4-B57F-28AFA3C7976B}.DirectX9_Release|Win32.Build.0 = Release|Win32
		{777271DB-5C00-46C4-B57F-28AFA3C7976B}.DirectX9_Release|x64.ActiveCfg = Release|Win32
		{777271DB-5C00-46C4-B57F-28AFA3C7976B}.OpenGL_V1|Win32.ActiveCfg = OpenGL_V1|Win32
		{777271DB-5C00-46C4-B57F-28AFA3C7976B}.OpenGL_V1|Win32.Build.0 = OpenGL_V1|Win32
		{777271DB-5C00-46C4-B57F-28AFA3C7976B}.OpenGL_V1|x64.ActiveCfg = OpenGL_V1|Win32
		{777271DB-5C00-46C4-B57F-28AFA3C7976B}.OpenGL_V2|Win32.ActiveCfg = OpenGL_V1|x64
		{777271DB-5C00-46C4-B57F-28AFA3C7976B}.OpenGL_V2|x64.ActiveCfg = OpenGL_V1|x64
		{777271DB-5C00-46C4-B57F-28AFA3C7976B}.OpenGL_V2|x64.Build.0 = OpenGL_V1|x64
		{777271DB-5C00-46C4-B57F-28AFA3C7976B}.Release|Win32.ActiveCfg = Release|Win32
		{777271DB-5C00-46C4-B57F-28AFA3C7976B}.Release|Win32.Build.0 = Release|Win32
		{777271DB-5C00-46C4-B57F-28AFA3C7976B}.Release|x64.ActiveCfg = Release|x64
		{777271DB-5C00-46C4-B57F-28AFA3C7976B}.Release|x64.Build.0 = Release|x64
		{A1EDA6F2-4552-4FF9-AD4E-4D315FD66CEF}.Debug|Win32.ActiveCfg = DirectX9_Debug|Win32
		{A1EDA6F2-4552-4FF9-AD4E-4D315FD66CEF}.Debug|Win32.Build.0 = DirectX9_Debug|Win32
		{A1EDA6F2-4552-4FF9-AD4E-4D315FD66CEF}.Debug|x64.ActiveCfg = DirectX9_Debug|Win32
		{A1EDA6F2-4552-4FF9-AD4E-4D315FD66CEF}.DirectX9_Debug|Win32.ActiveCfg = DirectX9_Debug|Win32
		{A1EDA6F2-4552-4FF9-AD4E-4D315FD66CEF}.DirectX9_Debug|Win32.Build.0 = DirectX9_Debug|Win32
		{A1EDA6F2-4552-4FF9-AD4E-4D315FD66CEF}.DirectX9_Debug|x64.ActiveCfg = DirectX9_Debug|Win32
		{A1EDA6F2-4552-4FF9-AD4E-4D315FD66CEF}.DirectX9_DebugLib|Win32.ActiveCfg = DirectX9_DebugLib|Win32
		{A1EDA6F2-4552-4FF9-AD4E-4D315FD66CEF}.DirectX9_DebugLib|Win32.Build.0 = DirectX9_DebugLib|Win32
		{A1EDA6F2-4552-4FF9-AD4E-4D315FD66CEF}.DirectX9_DebugLib|x64.ActiveCfg = DirectX9_DebugLib|Win32
		{A1EDA6F2-4552-4FF9-AD4E-4D315FD66CEF}.DirectX9_Release|Win32.ActiveCfg = Release|Win32
		{A1EDA6F2-4552-4FF9-AD4E-4D315FD66CEF}.DirectX9_Release|Win32.Build.0 = Release|Win32
		{A1EDA6F2-4552-4FF9-AD4E-4D315FD66CEF}.DirectX9_Release|x64.ActiveCfg = DirectX9_Debug|Win32
		{A1EDA6F2-4552-4FF9-AD4E-4D315FD66CEF}.OpenGL_V1|Win32.ActiveCfg = OpenGL_V1|Win32
		{A1EDA6F2-4552-4FF9-AD4E-4D315FD66CEF}.OpenGL_V1|Win32.Build.0 = OpenGL_V1|Win32
		{A1EDA6F2-4552-4FF9-AD4E-4D315FD66CEF}.OpenGL_V1|x64.ActiveCfg = OpenGL_V1|Win32
		{A1EDA6F2-4552-4FF9-AD4E-4D315FD66CEF}.OpenGL_V2|Win32.ActiveCfg = OpenGL_V2|Win32
		{A1EDA6F2-4552-4FF9-AD4E-4D315FD66CEF}.OpenGL_V2|Win32.Build.0 = OpenGL_V2|Win32
		{A1EDA6F2-4552-4FF9-AD4E-4D315FD66CEF}.OpenGL_V2|x64.ActiveCfg = OpenGL_V2|Win32
		{A1EDA6F2-4552-4FF9-AD4E-4D315FD66CEF}.Release|Win32.ActiveCfg = Release|Win32
		{A1EDA6F2-4552-4FF9-AD4E-4D315FD66CEF}.Release|Win32.Build.0 = Release|Win32
		{A1EDA6F2-4552-4FF9-AD4E-4D315FD66CEF}.Release|x64.ActiveCfg = Release|Win32
		{70F57A9C-47E8-4B58-9226-F98756B6D6D1}.Debug|Win32.ActiveCfg = Debug|Win32
		{70F57A9C-47E8-4B58-9226-F98756B6D6D1}.Debug|Win32.Build.0 = Debug|Win32
		{70F57A9C-47E8-4B58-9226-F98756B6D6D1}.Debug|x64.ActiveCfg = Debug|Win32
		{70F57A9C-47E8-4B58-9226-F98756B6D6D1}.DirectX9_Debug|Win32.ActiveCfg = Debug|Win32
		{70F57A9C-47E8-4B58-9226-F98756B6D6D1}.DirectX9_Debug|Win32.Build.0 = Debug|Win32
		{70F57A9C-47E8-4B58-9226-F98756B6D6D1}.DirectX9_Debug|x64.ActiveCfg = Debug|Win32
		{70F57A9C-47E8-4B58-9226-F98756B6D6D1}.DirectX9_DebugLib|Win32.ActiveCfg = DirectX9_DebugLib|Win32
		{70F57A9C-47E8-4B58-9226-F98756B6D6D1}.DirectX9_DebugLib|Win32.Build.0 = DirectX9_DebugLib|Win32
		{70F57A9C-47E8-4B58-9226-F98756B6D6D1}.DirectX9_DebugLib|x64.ActiveCfg = DirectX9_DebugLib|Win32
		{70F57A9C-47E8-4B58-9226-F98756B6D6D1}.DirectX9_Release|Win32.ActiveCfg = Release|Win32
		{70F57A9C-47E8-4B58-9226-F98756B6D6D1}.DirectX9_Release|Win32.Build.0 = Release|Win32
		{70F57A9C-47E8-4B58-9226-F98756B6D6D1}.DirectX9_Release|x64.ActiveCfg = Release|Win32
		{70F57A9C-47E8-4B58-9226-F98756B6D6D1}.OpenGL_V1|Win32.ActiveCfg = Release|Win32
		{70F57A9C-47E8-4B58-9226-F98756B6D6D1}.OpenGL_V1|Win32.Build.0 = Release|Win32
		{70F57A9C-47E8-4B58-9226-F98756B6D6D1}.OpenGL_V1|x64.ActiveCfg = Release|Win32
		{70F57A9C-47E8-4B58-9226-F98756B6D6D1}.OpenGL_V2|Win32.ActiveCfg = Release|Win32
		{70F57A9C-47E8-4B58-9226-F98756B6D6D1}.OpenGL_V2|Win32.Build.0 = Release|Win32
		{70F57A9C-47E8-4B58-9226-F98756B6D6D1}.OpenGL_V2|x64.ActiveCfg = Release|Win32
		{70F57A9C-47E8-4B58-9226-F98756B6D6D1}.Release|Win32.ActiveCfg = Release|Win32
		{70F57A9C-47E8-4B58-9226-F98756B6D6D1}.Release|Win32.Build.0 = Release|Win32
		{70F57A9C-47E8-4B58-9226-F98756B6D6D1}.Release|x64.ActiveCfg = Release|Win32
		{B8C95AD8-B166-4EFD-9494-6CAB73D06026}.Debug|Win32.ActiveCfg = DirectX9_Debug|Win32
		{B8C95AD8-B166-4EFD-9494-6CAB73D06026}.Debug|Win32.Build.0 = DirectX9_Debug|Win32
		{B8C95AD8-B166-4EFD-9494-6CAB73D06026}.Debug|x64.ActiveCfg = DirectX9_Debug|Win32
		{B8C95AD8-B166-4EFD-9494-6CAB73D06026}.DirectX9_Debug|Win32.ActiveCfg = DirectX9_Debug|Win32
		{B8C95AD8-B166-4EFD-9494-6CAB73D06026}.DirectX9_Debug|Win32.Build.0 = DirectX9_Debug|Win32
		{B8C95AD8-B166-4EFD-9494-6CAB73D06026}.DirectX9_Debug|x64.ActiveCfg = DirectX9_Debug|Win32
		{B8C95AD8-B166-4EFD-9494-6CAB73D06026}.DirectX9_DebugLib|Win32.ActiveCfg = DirectX9_DebugLib|Win32
		{B8C95AD8-B166-4EFD-9494-6CAB73D06026}.DirectX9_DebugLib|Win32.Build.0 = DirectX9_DebugLib|Win32
		{B8C95AD8-B166-4EFD-9494-6CAB73D06026}.DirectX9_DebugLib|x64.ActiveCfg = DirectX9_DebugLib|Win32
		{B8C95AD8-B166-4EFD-9494-6CAB73D06026}.DirectX9_Release|Win32.ActiveCfg = Release|Win32
		{B8C95AD8-B166-4EFD-9494-6CAB73D06026}.DirectX9_Release|Win32.Build.0 = Release|Win32
		{B8C95AD8-B166-4EFD-9494-6CAB73D06026}.DirectX9_Release|x64.ActiveCfg = DirectX9_Debug|Win32
		{B8C95AD8-B166-4EFD-9494-6CAB73D06026}.OpenGL_V1|Win32.ActiveCfg = OpenGL_V1|Win32
		{B8C95AD8-B166-4EFD-9494-6CAB73D06026}.OpenGL_V1|Win32.Build.0 = OpenGL_V1|Win32
		{B8C95AD8-B166-4EFD-9494-6CAB73D06026}.OpenGL_V1|x64.ActiveCfg = OpenGL_V1|Win32
		{B8C95AD8-B166-4EFD-9494-6CAB73D06026}.OpenGL_V2|Win32.ActiveCfg = OpenGL_V2|Win32
		{B8C95AD8-B166-4EFD-9494-6CAB73D06026}.OpenGL_V2|Win32.Build.0 = OpenGL_V2|Win32
		{B8C95AD8-B166-4EFD-9494-6CAB73D06026}.OpenGL_V2|x64.ActiveCfg = OpenGL_V2|Win32
		{B8C95AD8-B166-4EFD-9494-6CAB73D06026}.Release|Win32.ActiveCfg = Release|Win32
		{B8C95AD8-B166-4EFD-9494-6CAB73D06026}.Release|Win32.Build.0 = Release|Win32
		{B8C95AD8-B166-4EFD-9494-6CAB73D06026}.Release|x64.ActiveCfg = Release|Win32
		{CAA44886-7C8D-41FA-805A-AB4054DB60E5}.Debug|Win32.ActiveCfg = DirectX9_Debug|Win32
		{CAA44886-7C8D-41FA-805A-AB4054DB60E5}.Debug|Win32.Build.0 = DirectX9_Debug|Win32
		{CAA44886-7C8D-41FA-805A-AB4054DB60E5}.Debug|x64.ActiveCfg = DirectX9_Debug|Win32
		{CAA44886-7C8D-41FA-805A-AB4054DB60E5}.DirectX9_Debug|Win32.ActiveCfg = DirectX9_Debug|Win32
		{CAA44886-7C8D-41FA-805A-AB4054DB60E5}.DirectX9_Debug|Win32.Build.0 = DirectX9_Debug|Win32
		{CAA44886-7C8D-41FA-805A-AB4054DB60E5}.DirectX9_Debug|x64.ActiveCfg = DirectX9_Debug|Win32
		{CAA44886-7C8D-41FA-805A-AB4054DB60E5}.DirectX9_DebugLib|Win32.ActiveCfg = DirectX9_DebugLib|Win32
		{CAA44886-7C8D-41FA-805A-AB4054DB60E5}.DirectX9_DebugLib|Win32.Build.0 = DirectX9_DebugLib|Win32
		{CAA44886-7C8D-41FA-805A-AB4054DB60E5}.DirectX9_DebugLib|x64.ActiveCfg = DirectX9_DebugLib|Win32
		{CAA44886-7C8D-41FA-805A-AB4054DB60E5}.DirectX9_Release|Win32.ActiveCfg = Release|Win32
		{CAA44886-7C8D-41FA-805A-AB4054DB60E5}.DirectX9_Release|Win32.Build.0 = Release|Win32
		{CAA44886-7C8D-41FA-805A-AB4054DB60E5}.DirectX9_Release|x64.ActiveCfg = DirectX9_Debug|Win32
		{CAA44886-7C8D-41FA-805A-AB4054DB60E5}.OpenGL_V1|Win32.ActiveCfg = OpenGL_V1|Win32
		{CAA44886-7C8D-41FA-805A-AB4054DB60E5}.OpenGL_V1|Win32.Build.0 = OpenGL_V1|Win32
		{CAA44886-7C8D-41FA-805A-AB4054DB60E5}.OpenGL_V1|x64.ActiveCfg = OpenGL_V1|Win32
		{CAA44886-7C8D-41FA-805A-AB4054DB60E5}.OpenGL_V2|Win32.ActiveCfg = OpenGL_V2|Win32
		{CAA44886-7C8D-41FA-805A-AB4054DB60E5}.OpenGL_V2|Win32.Build.0 = OpenGL_V2|Win32
		{CAA44886-7C8D-41FA-805A-AB4054DB60E5}.OpenGL_V2|x64.ActiveCfg = OpenGL_V2|Win32
		{CAA44886-7C8D-41FA-805A-AB4054DB60E5}.Release|Win32.ActiveCfg = Release|Win32
		{CAA44886-7C8D-41FA-805A-AB4054DB60E5}.Release|Win32.Build.0 = Release|Win32
		{CAA44886-7C8D-41FA-805A-AB4054DB60E5}.Release|x64.ActiveCfg = Release|Win32
	EndGlobalSection
	GlobalSection(SolutionProperties) = preSolution
		HideSolutionNode = FALSE
	EndGlobalSection
EndGlobal
