<?xml version="1.0" encoding="utf-8"?>
<Project ToolsVersion="4.0" xmlns="http://schemas.microsoft.com/developer/msbuild/2003">
  <ItemGroup>
    <ClCompile Include="AlignDialog.cpp">
      <Filter>Base</Filter>
    </ClCompile>
    <ClCompile Include="AlignDialog3D.cpp">
      <Filter>Base</Filter>
    </ClCompile>
    <ClCompile Include="base_xmlFileA.cpp">
      <Filter>Base</Filter>
    </ClCompile>
    <ClCompile Include="base_xmlFileW.cpp">
      <Filter>Base</Filter>
    </ClCompile>
    <ClCompile Include="BigTextEditor.cpp">
      <Filter>Base</Filter>
    </ClCompile>
    <ClCompile Include="ChangeSpinButtonCtrl.cpp">
      <Filter>MfcBase</Filter>
    </ClCompile>
    <ClCompile Include="ChildFrm.cpp">
      <Filter>MfcBase</Filter>
    </ClCompile>
    <ClCompile Include="ClassView.cpp">
      <Filter>MfcBase</Filter>
    </ClCompile>
    <ClCompile Include="LuaEditor\CodeAnalyse.cpp">
      <Filter>CodeEditor</Filter>
    </ClCompile>
    <ClCompile Include="LuaEditor\CodeComboBox.cpp">
      <Filter>CodeEditor</Filter>
    </ClCompile>
    <ClCompile Include="LuaEditor\CodeEditor.cpp">
      <Filter>CodeEditor</Filter>
    </ClCompile>
    <ClCompile Include="LuaEditor\CodeListBox.cpp">
      <Filter>CodeEditor</Filter>
    </ClCompile>
    <ClCompile Include="CreateFileDlg.cpp">
      <Filter>MfcBase</Filter>
    </ClCompile>
    <ClCompile Include="DialogBase.cpp">
      <Filter>Base</Filter>
    </ClCompile>
    <ClCompile Include="LuaEditor\DlgFindReplace.cpp">
      <Filter>CodeEditor</Filter>
    </ClCompile>
    <ClCompile Include="DlgCodeColor.cpp">
      <Filter>CodeEditor</Filter>
    </ClCompile>
    <ClCompile Include="DlgMixFPS.cpp">
      <Filter>MfcBase</Filter>
    </ClCompile>
    <ClCompile Include="DlgSceneObject.cpp">
      <Filter>Base</Filter>
    </ClCompile>
    <ClCompile Include="DlgSelectDevice.cpp">
      <Filter>Base</Filter>
    </ClCompile>
    <ClCompile Include="FileView.cpp">
      <Filter>MfcBase</Filter>
    </ClCompile>
    <ClCompile Include="GameManager.cpp">
      <Filter>MfcBase</Filter>
    </ClCompile>
    <ClCompile Include="GameScreenSize.cpp">
      <Filter>MfcBase</Filter>
    </ClCompile>
    <ClCompile Include="GCAnimationCtrl.cpp">
      <Filter>GCBase</Filter>
    </ClCompile>
    <ClCompile Include="GCBitmapMgr.cpp">
      <Filter>GCBase</Filter>
    </ClCompile>
    <ClCompile Include="GCCodeEditor.cpp">
      <Filter>GCBase</Filter>
    </ClCompile>
    <ClCompile Include="GCFloatAnimation.cpp">
      <Filter>GCBase</Filter>
    </ClCompile>
    <ClCompile Include="GCGameService.cpp">
      <Filter>GCBase</Filter>
    </ClCompile>
    <ClCompile Include="GCLanguage.cpp">
      <Filter>GCBase</Filter>
    </ClCompile>
    <ClCompile Include="GCMFCHelper.cpp">
      <Filter>GCBase</Filter>
    </ClCompile>
    <ClCompile Include="GCPhantomEngine.cpp">
      <Filter>GCBase</Filter>
    </ClCompile>
    <ClCompile Include="GCPropertyBase.cpp">
      <Filter>GCBase</Filter>
    </ClCompile>
    <ClCompile Include="GCRenderSystem.cpp">
      <Filter>GCBase</Filter>
    </ClCompile>
    <ClCompile Include="GCSceneEditor3D.cpp">
      <Filter>GCEditor\SceneEditor</Filter>
    </ClCompile>
    <ClCompile Include="GCSceneEditor3DProperties.cpp">
      <Filter>GCEditor\SceneEditor</Filter>
    </ClCompile>
    <ClCompile Include="GCSceneEditor3D_HeightMode.cpp">
      <Filter>GCEditor\SceneEditor</Filter>
    </ClCompile>
    <ClCompile Include="GCSceneEditor3D_LineMode.cpp">
      <Filter>GCEditor\SceneEditor</Filter>
    </ClCompile>
    <ClCompile Include="GCSceneEditor3D_ObjectMode.cpp">
      <Filter>GCEditor\SceneEditor</Filter>
    </ClCompile>
    <ClCompile Include="GCSceneEditor3D_TextureMode.cpp">
      <Filter>GCEditor\SceneEditor</Filter>
    </ClCompile>
    <ClCompile Include="GCStateDefault.cpp">
      <Filter>GCBase</Filter>
    </ClCompile>
    <ClCompile Include="GCTrackEditor.cpp">
      <Filter>GCBase</Filter>
    </ClCompile>
    <ClCompile Include="GCViewBase.cpp">
      <Filter>GCBase</Filter>
    </ClCompile>
    <ClCompile Include="GCViewManager.cpp">
      <Filter>GCBase</Filter>
    </ClCompile>
    <ClCompile Include="GCViewTreeBase.cpp">
      <Filter>GCBase</Filter>
    </ClCompile>
    <ClCompile Include="GCViewUIEditor.cpp">
      <Filter>GCEditor\UIEditor</Filter>
    </ClCompile>
    <ClCompile Include="GCViewUIEditorUnit.cpp">
      <Filter>GCEditor\UIEditor</Filter>
    </ClCompile>
    <ClCompile Include="GCViewUIEditorHtml5.cpp">
      <Filter>GCEditor\UIEditor</Filter>
    </ClCompile>
    <ClCompile Include="GCViewUIEditorProc.cpp">
      <Filter>GCEditor\UIEditor</Filter>
    </ClCompile>
    <ClCompile Include="GCViewUIEditorProperties.cpp">
      <Filter>GCEditor\UIEditor</Filter>
    </ClCompile>
    <ClCompile Include="ImageButton.cpp">
      <Filter>Base</Filter>
    </ClCompile>
    <ClCompile Include="ImageCheck.cpp">
      <Filter>Base</Filter>
    </ClCompile>
    <ClCompile Include="ImageListViewDLG.cpp">
      <Filter>Base</Filter>
    </ClCompile>
    <ClCompile Include="ImportEquipDLG.cpp">
      <Filter>Base</Filter>
    </ClCompile>
    <ClCompile Include="ListBoxEditor.cpp">
      <Filter>Base</Filter>
    </ClCompile>
    <ClCompile Include="ListBoxIcon.cpp">
      <Filter>Base</Filter>
    </ClCompile>
    <ClCompile Include="LuaEditor\LuaXmlModule.cpp">
      <Filter>CodeEditor</Filter>
    </ClCompile>
    <ClCompile Include="MainFrm.cpp">
      <Filter>MfcBase</Filter>
    </ClCompile>
    <ClCompile Include="MoveAxis.cpp">
      <Filter>GCEditor\SceneEditor</Filter>
    </ClCompile>
    <ClCompile Include="MTreeCtrl.cpp">
      <Filter>MfcBase</Filter>
    </ClCompile>
    <ClCompile Include="MultiExportDlg.cpp">
      <Filter>MfcBase</Filter>
    </ClCompile>
    <ClCompile Include="MyEdit.cpp">
      <Filter>Base</Filter>
    </ClCompile>
    <ClCompile Include="MyGameInit.cpp">
      <Filter>Base</Filter>
    </ClCompile>
    <ClCompile Include="MyGameState.cpp">
      <Filter>Base</Filter>
    </ClCompile>
    <ClCompile Include="LuaEditor\MyLuaEditor.cpp">
      <Filter>Base</Filter>
    </ClCompile>
    <ClCompile Include="MyMFCPropertyGridProperty.cpp">
      <Filter>MfcBase</Filter>
    </ClCompile>
    <ClCompile Include="OutputWnd.cpp">
      <Filter>MfcBase</Filter>
    </ClCompile>
    <ClCompile Include="phantom-gc.cpp">
      <Filter>MfcBase</Filter>
    </ClCompile>
    <ClCompile Include="phantom-gcDoc.cpp">
      <Filter>MfcBase</Filter>
    </ClCompile>
    <ClCompile Include="phantom-gcView.cpp">
      <Filter>MfcBase</Filter>
    </ClCompile>
    <ClCompile Include="PropertiesDialogWnd.cpp">
      <Filter>MfcBase</Filter>
    </ClCompile>
    <ClCompile Include="PropertiesUIWnd.cpp">
      <Filter>MfcBase</Filter>
    </ClCompile>
    <ClCompile Include="PropertiesWnd.cpp">
      <Filter>MfcBase</Filter>
    </ClCompile>
    <ClCompile Include="PropertyDlgWndBase.cpp">
      <Filter>MfcBase</Filter>
    </ClCompile>
    <ClCompile Include="RotationAxis.cpp">
      <Filter>GCEditor\SceneEditor</Filter>
    </ClCompile>
    <ClCompile Include="ScaleAxis.cpp">
      <Filter>GCEditor\SceneEditor</Filter>
    </ClCompile>
    <ClCompile Include="SceneCreateDlg.cpp">
      <Filter>GCEditor\SceneEditor</Filter>
    </ClCompile>
    <ClCompile Include="SetElementTextureDlg.cpp">
      <Filter>MfcBase</Filter>
    </ClCompile>
    <ClCompile Include="stdafx.cpp">
      <Filter>MfcBase</Filter>
    </ClCompile>
    <ClCompile Include="SubGeometryEditorDlg.cpp">
      <Filter>GCEditor\MeshEditor</Filter>
    </ClCompile>
    <ClCompile Include="TgaLoader.cpp">
      <Filter>Base</Filter>
    </ClCompile>
    <ClCompile Include="xml\tinystr.cpp">
      <Filter>Base\xml</Filter>
    </ClCompile>
    <ClCompile Include="xml\tinyxml.cpp">
      <Filter>Base\xml</Filter>
    </ClCompile>
    <ClCompile Include="xml\tinyxmlerror.cpp">
      <Filter>Base\xml</Filter>
    </ClCompile>
    <ClCompile Include="xml\tinyxmlparser.cpp">
      <Filter>Base\xml</Filter>
    </ClCompile>
    <ClCompile Include="xml\tinyxmlw.cpp">
      <Filter>Base\xml</Filter>
    </ClCompile>
    <ClCompile Include="LuaEditor\ToolTipDialog.cpp">
      <Filter>MfcBase</Filter>
    </ClCompile>
    <ClCompile Include="TrackAnimationCtrl.cpp">
      <Filter>MfcBase</Filter>
    </ClCompile>
    <ClCompile Include="UIPngMaker.cpp">
      <Filter>MfcBase</Filter>
    </ClCompile>
    <ClCompile Include="ValueEditor.cpp">
      <Filter>MfcBase</Filter>
    </ClCompile>
    <ClCompile Include="ViewImageManager.cpp">
      <Filter>MfcBase</Filter>
    </ClCompile>
    <ClCompile Include="ViewLayerImages.cpp">
      <Filter>MfcBase</Filter>
    </ClCompile>
    <ClCompile Include="ViewTree.cpp">
      <Filter>MfcBase</Filter>
    </ClCompile>
    <ClCompile Include="GCViewGeometryEditor.cpp">
      <Filter>GCEditor\MeshEditor</Filter>
    </ClCompile>
    <ClCompile Include="DlgFindText.cpp" />
    <ClCompile Include="DlgEditBox.cpp" />
    <ClCompile Include="DlgGameEditBox.cpp" />
    <ClCompile Include="DlgLuaEditor.cpp" />
    <ClCompile Include="..\Win32Base\DlgLog.cpp">
      <Filter>Base</Filter>
    </ClCompile>
    <ClCompile Include="..\AllGames\base\MD5.cpp">
      <Filter>Base</Filter>
    </ClCompile>
  </ItemGroup>
  <ItemGroup>
    <ClInclude Include="AlignDialog3D.h">
      <Filter>Base</Filter>
    </ClInclude>
    <ClInclude Include="AlignDialog.h">
      <Filter>Base</Filter>
    </ClInclude>
    <ClInclude Include="BigTextEditor.h">
      <Filter>Base</Filter>
    </ClInclude>
    <ClInclude Include="base_xmlFileA.h">
      <Filter>Base</Filter>
    </ClInclude>
    <ClInclude Include="base_xmlFileW.h">
      <Filter>Base</Filter>
    </ClInclude>
    <ClInclude Include="ClassView.h">
      <Filter>MfcBase</Filter>
    </ClInclude>
    <ClInclude Include="ChangeSpinButtonCtrl.h">
      <Filter>MfcBase</Filter>
    </ClInclude>
    <ClInclude Include="ChildFrm.h">
      <Filter>MfcBase</Filter>
    </ClInclude>
    <ClInclude Include="LuaEditor\CodeAnalyse.h">
      <Filter>CodeEditor</Filter>
    </ClInclude>
    <ClInclude Include="LuaEditor\CodeComboBox.h">
      <Filter>CodeEditor</Filter>
    </ClInclude>
    <ClInclude Include="LuaEditor\CodeEditor.h">
      <Filter>CodeEditor</Filter>
    </ClInclude>
    <ClInclude Include="LuaEditor\CodeListBox.h">
      <Filter>CodeEditor</Filter>
    </ClInclude>
    <ClInclude Include="CreateFileDlg.h">
      <Filter>MfcBase</Filter>
    </ClInclude>
    <ClInclude Include="DialogBase.h">
      <Filter>Base</Filter>
    </ClInclude>
    <ClInclude Include="LuaEditor\DlgFindReplace.h">
      <Filter>CodeEditor</Filter>
    </ClInclude>
    <ClInclude Include="DlgCodeColor.h">
      <Filter>CodeEditor</Filter>
    </ClInclude>
    <ClInclude Include="DlgMixFPS.h">
      <Filter>MfcBase</Filter>
    </ClInclude>
    <ClInclude Include="DlgSelectDevice.h">
      <Filter>Base</Filter>
    </ClInclude>
    <ClInclude Include="DlgSceneObject.h">
      <Filter>Base</Filter>
    </ClInclude>
    <ClInclude Include="FileView.h">
      <Filter>MfcBase</Filter>
    </ClInclude>
    <ClInclude Include="GameScreenSize.h">
      <Filter>MfcBase</Filter>
    </ClInclude>
    <ClInclude Include="GameManager.h">
      <Filter>MfcBase</Filter>
    </ClInclude>
    <ClInclude Include="GCRenderSystem.h">
      <Filter>GCBase</Filter>
    </ClInclude>
    <ClInclude Include="GCAnimationCtrl.h">
      <Filter>GCBase</Filter>
    </ClInclude>
    <ClInclude Include="GCBitmapMgr.h">
      <Filter>GCBase</Filter>
    </ClInclude>
    <ClInclude Include="GCCodeEditor.h">
      <Filter>GCBase</Filter>
    </ClInclude>
    <ClInclude Include="GCDefine.h">
      <Filter>GCBase</Filter>
    </ClInclude>
    <ClInclude Include="GCFloatAnimation.h">
      <Filter>GCBase</Filter>
    </ClInclude>
    <ClInclude Include="GCGameService.h">
      <Filter>GCBase</Filter>
    </ClInclude>
    <ClInclude Include="GCLanguage.h">
      <Filter>GCBase</Filter>
    </ClInclude>
    <ClInclude Include="GCMFCHelper.h">
      <Filter>GCBase</Filter>
    </ClInclude>
    <ClInclude Include="GCPropertyBase.h">
      <Filter>GCBase</Filter>
    </ClInclude>
    <ClInclude Include="GCSceneEditor3D.h">
      <Filter>GCEditor\SceneEditor</Filter>
    </ClInclude>
    <ClInclude Include="GCViewTreeBase.h">
      <Filter>GCBase</Filter>
    </ClInclude>
    <ClInclude Include="GCStateDefault.h">
      <Filter>GCBase</Filter>
    </ClInclude>
    <ClInclude Include="GCTrackEditor.h">
      <Filter>GCBase</Filter>
    </ClInclude>
    <ClInclude Include="GCViewBase.h">
      <Filter>GCBase</Filter>
    </ClInclude>
    <ClInclude Include="GCViewManager.h">
      <Filter>GCBase</Filter>
    </ClInclude>
    <ClInclude Include="GCViewUIEditor.h">
      <Filter>GCEditor\UIEditor</Filter>
    </ClInclude>
    <ClInclude Include="GCViewUnit3D.h">
      <Filter>GCEditor\Unit3DEditor</Filter>
    </ClInclude>
    <ClInclude Include="ListBoxIcon.h">
      <Filter>Base</Filter>
    </ClInclude>
    <ClInclude Include="ImageButton.h">
      <Filter>Base</Filter>
    </ClInclude>
    <ClInclude Include="ImageCheck.h">
      <Filter>Base</Filter>
    </ClInclude>
    <ClInclude Include="ImageListViewDLG.h">
      <Filter>Base</Filter>
    </ClInclude>
    <ClInclude Include="ImportEquipDLG.h">
      <Filter>Base</Filter>
    </ClInclude>
    <ClInclude Include="ListBoxEditor.h">
      <Filter>Base</Filter>
    </ClInclude>
    <ClInclude Include="LuaEditor\LuaXmlModule.h">
      <Filter>CodeEditor</Filter>
    </ClInclude>
    <ClInclude Include="MainFrm.h">
      <Filter>MfcBase</Filter>
    </ClInclude>
    <ClInclude Include="MoveAxis.h">
      <Filter>GCEditor\SceneEditor</Filter>
    </ClInclude>
    <ClInclude Include="MultiExportDlg.h">
      <Filter>MfcBase</Filter>
    </ClInclude>
    <ClInclude Include="MTreeCtrl.h">
      <Filter>MfcBase</Filter>
    </ClInclude>
    <ClInclude Include="LuaEditor\MyLuaEditor.h">
      <Filter>Base</Filter>
    </ClInclude>
    <ClInclude Include="MyEdit.h">
      <Filter>Base</Filter>
    </ClInclude>
    <ClInclude Include="MyGameState.h">
      <Filter>Base</Filter>
    </ClInclude>
    <ClInclude Include="MyMFCPropertyGridProperty.h">
      <Filter>MfcBase</Filter>
    </ClInclude>
    <ClInclude Include="OutputWnd.h">
      <Filter>MfcBase</Filter>
    </ClInclude>
    <ClInclude Include="phantom-gc.h">
      <Filter>MfcBase</Filter>
    </ClInclude>
    <ClInclude Include="Resource.h">
      <Filter>Resources</Filter>
    </ClInclude>
    <ClInclude Include="phantom-gcView.h">
      <Filter>MfcBase</Filter>
    </ClInclude>
    <ClInclude Include="phantom-gcDoc.h">
      <Filter>MfcBase</Filter>
    </ClInclude>
    <ClInclude Include="PropertyDlgWndBase.h">
      <Filter>MfcBase</Filter>
    </ClInclude>
    <ClInclude Include="PropertiesDialogWnd.h">
      <Filter>MfcBase</Filter>
    </ClInclude>
    <ClInclude Include="PropertiesUIWnd.h">
      <Filter>MfcBase</Filter>
    </ClInclude>
    <ClInclude Include="PropertiesWnd.h">
      <Filter>MfcBase</Filter>
    </ClInclude>
    <ClInclude Include="ScaleAxis.h">
      <Filter>GCEditor\SceneEditor</Filter>
    </ClInclude>
    <ClInclude Include="RotationAxis.h">
      <Filter>GCEditor\SceneEditor</Filter>
    </ClInclude>
    <ClInclude Include="SceneCreateDlg.h">
      <Filter>GCEditor\SceneEditor</Filter>
    </ClInclude>
    <ClInclude Include="SetElementTextureDlg.h">
      <Filter>MfcBase</Filter>
    </ClInclude>
    <ClInclude Include="stdafx.h">
      <Filter>MfcBase</Filter>
    </ClInclude>
    <ClInclude Include="SubGeometryEditorDlg.h">
      <Filter>GCEditor\MeshEditor</Filter>
    </ClInclude>
    <ClInclude Include="TgaLoader.h">
      <Filter>Base</Filter>
    </ClInclude>
    <ClInclude Include="targetver.h">
      <Filter>MfcBase</Filter>
    </ClInclude>
    <ClInclude Include="xml\tinyxmlw.h">
      <Filter>Base\xml</Filter>
    </ClInclude>
    <ClInclude Include="xml\tinystr.h">
      <Filter>Base\xml</Filter>
    </ClInclude>
    <ClInclude Include="xml\tinyxml.h">
      <Filter>Base\xml</Filter>
    </ClInclude>
    <ClInclude Include="TrackAnimationCtrl.h">
      <Filter>MfcBase</Filter>
    </ClInclude>
    <ClInclude Include="LuaEditor\ToolTipDialog.h">
      <Filter>MfcBase</Filter>
    </ClInclude>
    <ClInclude Include="ViewTree.h">
      <Filter>MfcBase</Filter>
    </ClInclude>
    <ClInclude Include="UIPngMaker.h">
      <Filter>MfcBase</Filter>
    </ClInclude>
    <ClInclude Include="ValueEditor.h">
      <Filter>MfcBase</Filter>
    </ClInclude>
    <ClInclude Include="ViewImageManager.h">
      <Filter>MfcBase</Filter>
    </ClInclude>
    <ClInclude Include="ViewLayerImages.h">
      <Filter>MfcBase</Filter>
    </ClInclude>
    <ClInclude Include="GCViewGeometryEditor.h">
      <Filter>GCEditor\MeshEditor</Filter>
    </ClInclude>
    <ClInclude Include="DlgFindText.h" />
    <ClInclude Include="DlgEditBox.h" />
    <ClInclude Include="DlgGameEditBox.h" />
    <ClInclude Include="DlgLuaEditor.h" />
    <ClInclude Include="..\Win32base\DlgLog.h" />
  </ItemGroup>
  <ItemGroup>
    <None Include="res\bitmap1.bmp">
      <Filter>Resources</Filter>
    </None>
    <None Include="..\..\execute\default\buydlg.bin">
      <Filter>Resources</Filter>
    </None>
    <None Include="res\bmp00001.bmp">
      <Filter>Resources</Filter>
    </None>
    <None Include="res\bmp00002.bmp">
      <Filter>Resources</Filter>
    </None>
    <None Include="res\bmp00003.bmp">
      <Filter>Resources</Filter>
    </None>
    <None Include="res\bmp00004.bmp">
      <Filter>Resources</Filter>
    </None>
    <None Include="res\bmp00005.bmp">
      <Filter>Resources</Filter>
    </None>
    <None Include="res\bmp00006.bmp">
      <Filter>Resources</Filter>
    </None>
    <None Include="res\bmp00007.bmp">
      <Filter>Resources</Filter>
    </None>
    <None Include="res\bmp00008.bmp">
      <Filter>Resources</Filter>
    </None>
    <None Include="res\bmp00009.bmp">
      <Filter>Resources</Filter>
    </None>
    <None Include="res\buttons.bmp">
      <Filter>Resources</Filter>
    </None>
    <None Include="res\class_vi.bmp">
      <Filter>Resources</Filter>
    </None>
    <None Include="res\classview.bmp">
      <Filter>Resources</Filter>
    </None>
    <None Include="res\class_view.ico">
      <Filter>Resources</Filter>
    </None>
    <None Include="res\class_view_hc.ico">
      <Filter>Resources</Filter>
    </None>
    <None Include="res\classview_hc.bmp">
      <Filter>Resources</Filter>
    </None>
    <None Include="..\..\execute\default\default.zip">
      <Filter>Resources</Filter>
    </None>
    <None Include="res\effect.bmp">
      <Filter>Resources</Filter>
    </None>
    <None Include="res\fileview.bmp">
      <Filter>Resources</Filter>
    </None>
    <None Include="res\effect.ico">
      <Filter>Resources</Filter>
    </None>
    <None Include="res\effect_f.ico">
      <Filter>Resources</Filter>
    </None>
    <None Include="res\effect_v.bmp">
      <Filter>Resources</Filter>
    </None>
    <None Include="res\explorer.bmp">
      <Filter>Resources</Filter>
    </None>
    <None Include="res\explorer_hc.bmp">
      <Filter>Resources</Filter>
    </None>
    <None Include="res\file_vie.bmp">
      <Filter>Resources</Filter>
    </None>
    <None Include="res\file_view.ico">
      <Filter>Resources</Filter>
    </None>
    <None Include="res\file_view_hc.ico">
      <Filter>Resources</Filter>
    </None>
    <None Include="res\filelarge.bmp">
      <Filter>Resources</Filter>
    </None>
    <None Include="res\filesmal.bmp">
      <Filter>Resources</Filter>
    </None>
    <None Include="res\filesmall.bmp">
      <Filter>Resources</Filter>
    </None>
    <None Include="res\fileview_hc.bmp">
      <Filter>Resources</Filter>
    </None>
    <None Include="res\game_icon.bin">
      <Filter>Resources</Filter>
    </None>
    <None Include="..\..\execute\default\game_icon.bin">
      <Filter>Resources</Filter>
    </None>
    <None Include="res\gameproj.ico">
      <Filter>Resources</Filter>
    </None>
    <None Include="res\geometry.bmp">
      <Filter>Resources</Filter>
    </None>
    <None Include="res\icon1.ico">
      <Filter>Resources</Filter>
    </None>
    <None Include="res\geometry.ico">
      <Filter>Resources</Filter>
    </None>
    <None Include="res\geometrys.ico">
      <Filter>Resources</Filter>
    </None>
    <None Include="res\ico00001.ico">
      <Filter>Resources</Filter>
    </None>
    <None Include="res\ico00002.ico">
      <Filter>Resources</Filter>
    </None>
    <None Include="res\ico00003.ico">
      <Filter>Resources</Filter>
    </None>
    <None Include="res\ico00004.ico">
      <Filter>Resources</Filter>
    </None>
    <None Include="res\ico00005.ico">
      <Filter>Resources</Filter>
    </None>
    <None Include="res\ico00006.ico">
      <Filter>Resources</Filter>
    </None>
    <None Include="res\ico00007.ico">
      <Filter>Resources</Filter>
    </None>
    <None Include="res\ico00008.ico">
      <Filter>Resources</Filter>
    </None>
    <None Include="res\ico00009.ico">
      <Filter>Resources</Filter>
    </None>
    <None Include="res\logic_fi.ico">
      <Filter>Resources</Filter>
    </None>
    <None Include="res\lua_code.xml">
      <Filter>Resources</Filter>
    </None>
    <None Include="res\main.bmp">
      <Filter>Resources</Filter>
    </None>
    <None Include="res\mesh_too.bmp">
      <Filter>Resources</Filter>
    </None>
    <None Include="res\main1.bin">
      <Filter>Resources</Filter>
    </None>
    <None Include="res\mainfram.bmp">
      <Filter>Resources</Filter>
    </None>
    <None Include="..\..\execute\default\mainlogo.bin">
      <Filter>Resources</Filter>
    </None>
    <None Include="res\menuimages.bmp">
      <Filter>Resources</Filter>
    </None>
    <None Include="res\menuimages_hc.bmp">
      <Filter>Resources</Filter>
    </None>
    <None Include="res\output_wnd.ico">
      <Filter>Resources</Filter>
    </None>
    <None Include="res\output_wnd_hc.ico">
      <Filter>Resources</Filter>
    </None>
    <None Include="res\phantom-gc.ico">
      <Filter>Resources</Filter>
    </None>
    <None Include="phantom-gc.reg">
      <Filter>Resources</Filter>
    </None>
    <None Include="res\phantom-gcDoc.ico">
      <Filter>Resources</Filter>
    </None>
    <None Include="res\phantomgc.rc2">
      <Filter>Resources</Filter>
    </None>
    <None Include="res\properties_wnd_hc.ico">
      <Filter>Resources</Filter>
    </None>
    <None Include="res\plot_bac.bmp">
      <Filter>Resources</Filter>
    </None>
    <None Include="res\plot_cal.bmp">
      <Filter>Resources</Filter>
    </None>
    <None Include="res\plot_exp.bmp">
      <Filter>Resources</Filter>
    </None>
    <None Include="res\properti.bmp">
      <Filter>Resources</Filter>
    </None>
    <None Include="res\properti.ico">
      <Filter>Resources</Filter>
    </None>
    <None Include="res\properties.bmp">
      <Filter>Resources</Filter>
    </None>
    <None Include="res\properties_hc.bmp">
      <Filter>Resources</Filter>
    </None>
    <None Include="res\properties_wnd.ico">
      <Filter>Resources</Filter>
    </None>
    <None Include="res\ribbon.mfcribbon-ms">
      <Filter>Resources</Filter>
    </None>
    <None Include="res\ribbon1.mfcribbon-ms">
      <Filter>Resources</Filter>
    </None>
    <None Include="res\scene2d_.bmp">
      <Filter>Resources</Filter>
    </None>
    <None Include="res\scene2d_.ico">
      <Filter>Resources</Filter>
    </None>
    <None Include="res\scene3d_.ico">
      <Filter>Resources</Filter>
    </None>
    <None Include="res\sort.bmp">
      <Filter>Resources</Filter>
    </None>
    <None Include="res\sort_hc.bmp">
      <Filter>Resources</Filter>
    </None>
    <None Include="res\texture_.ico">
      <Filter>Resources</Filter>
    </None>
    <None Include="res\tool_mesh.bmp">
      <Filter>Resources</Filter>
    </None>
    <None Include="res\Toolbar.bmp">
      <Filter>Resources</Filter>
    </None>
    <None Include="res\toolbar1.bmp">
      <Filter>Resources</Filter>
    </None>
    <None Include="res\Toolbar256.bmp">
      <Filter>Resources</Filter>
    </None>
    <None Include="res\track_pl.bmp">
      <Filter>Resources</Filter>
    </None>
    <None Include="res\ui_align.bmp">
      <Filter>Resources</Filter>
    </None>
    <None Include="res\ui_curso.ico">
      <Filter>Resources</Filter>
    </None>
    <None Include="res\ui_file_.ico">
      <Filter>Resources</Filter>
    </None>
    <None Include="res\ui_inser.bmp">
      <Filter>Resources</Filter>
    </None>
    <None Include="res\ui_tool1.bmp">
      <Filter>Resources</Filter>
    </None>
    <None Include="res\ui_view_.bmp">
      <Filter>Resources</Filter>
    </None>
    <None Include="res\unit2d_f.ico">
      <Filter>Resources</Filter>
    </None>
    <None Include="UserImages.bmp">
      <Filter>Resources</Filter>
    </None>
    <None Include="res\writelarge.bmp">
      <Filter>Resources</Filter>
    </None>
    <None Include="res\writesmall.bmp">
      <Filter>Resources</Filter>
    </None>
    <None Include="res\xml_action.ico">
      <Filter>Resources</Filter>
    </None>
    <None Include="res\xml_geometry.ico">
      <Filter>Resources</Filter>
    </None>
    <None Include="..\AllGames\base\share_data\default_init_zip.zip" />
    <None Include="default\default.zip" />
    <None Include="..\AllGames\base\share_data\default.zip" />
    <None Include="default\mainlogo.bin" />
    <None Include="DlgViewerHttp.htm" />
  </ItemGroup>
  <ItemGroup>
    <Filter Include="Resources">
      <UniqueIdentifier>{97d7f790-4509-45a3-9911-b0b7d188a89e}</UniqueIdentifier>
    </Filter>
    <Filter Include="Base">
      <UniqueIdentifier>{9cb9c1d0-661a-4f26-8459-c2c7e5f968e8}</UniqueIdentifier>
    </Filter>
    <Filter Include="CodeEditor">
      <UniqueIdentifier>{cd751b93-bd5a-4045-b3df-e0aeaf33338a}</UniqueIdentifier>
    </Filter>
    <Filter Include="MfcBase">
      <UniqueIdentifier>{a4609834-d95d-4279-ba03-a03b0c78d02f}</UniqueIdentifier>
    </Filter>
    <Filter Include="GCBase">
      <UniqueIdentifier>{b9e3033a-89fd-458d-88d0-b2a3d6ae3445}</UniqueIdentifier>
    </Filter>
    <Filter Include="GCEditor">
      <UniqueIdentifier>{0d9ca570-c104-4c34-99ff-93727cb2434c}</UniqueIdentifier>
    </Filter>
    <Filter Include="GCEditor\SceneEditor">
      <UniqueIdentifier>{fffe5d68-bdfd-43a1-bf8a-d1d00643a6e3}</UniqueIdentifier>
    </Filter>
    <Filter Include="GCEditor\UIEditor">
      <UniqueIdentifier>{86e1448a-2e44-4cd4-b204-aa2578dbc273}</UniqueIdentifier>
    </Filter>
    <Filter Include="GCEditor\MeshEditor">
      <UniqueIdentifier>{478700b1-0295-4204-8a5e-54d1ce5dd653}</UniqueIdentifier>
    </Filter>
    <Filter Include="GCEditor\Unit3DEditor">
      <UniqueIdentifier>{2d9fbac2-e48e-4135-9af2-ebb47c74bec6}</UniqueIdentifier>
    </Filter>
    <Filter Include="Base\xml">
      <UniqueIdentifier>{f2308b82-1270-46b8-afee-d5a98bcb3ccb}</UniqueIdentifier>
    </Filter>
    <Filter Include="fbx">
      <UniqueIdentifier>{5ff9dc89-55ff-440b-8dce-f0b559ae43d4}</UniqueIdentifier>
    </Filter>
  </ItemGroup>
  <ItemGroup>
    <ResourceCompile Include="my_phantom.rc">
      <Filter>Resources</Filter>
    </ResourceCompile>
  </ItemGroup>
</Project>